// !$*UTF8*$!
{
	archiveVersion = 1;
	classes = {
	};
	objectVersion = 46;
	objects = {

/* Begin PBXBuildFile section */
		0FAD74AD0AAF4E68C81B4ACE /* Pods_YourPianoBarPianistTests.framework in Frameworks */ = {isa = PBXBuildFile; fileRef = 4784F4C0DE41C62B5E163C1E /* Pods_YourPianoBarPianistTests.framework */; };
		36B0F917D4B7F9837C218902 /* Pods_YourPianoBarPianist.framework in Frameworks */ = {isa = PBXBuildFile; fileRef = 3C971FB50195821134E4F8A8 /* Pods_YourPianoBarPianist.framework */; };
		52B6B1881FE0BBF000DAAE0A /* BackgroundWorker copy 2.swift in Sources */ = {isa = PBXBuildFile; fileRef = 52B6B1871FE0BBF000DAAE0A /* BackgroundWorker copy 2.swift */; };
		52B6B18A1FE0BBFF00DAAE0A /* RequestsTableViewController copy 2.swift in Sources */ = {isa = PBXBuildFile; fileRef = 52B6B1891FE0BBFE00DAAE0A /* RequestsTableViewController copy 2.swift */; };
		52EF55CA1FDE011E00AEB2A1 /* BackgroundWorker copy.swift in Sources */ = {isa = PBXBuildFile; fileRef = 52EF55C91FDE011E00AEB2A1 /* BackgroundWorker copy.swift */; };
		52EF55CC1FDE012400AEB2A1 /* RequestsTableViewController copy.swift in Sources */ = {isa = PBXBuildFile; fileRef = 52EF55CB1FDE012400AEB2A1 /* RequestsTableViewController copy.swift */; };
		7615654E1E89DD6400F3A0E8 /* your-piano-bar-blank piano only tab bar item size.png in Resources */ = {isa = PBXBuildFile; fileRef = 7615654C1E89DD6400F3A0E8 /* your-piano-bar-blank piano only tab bar item size.png */; };
		763262FA1FDC557D0029B80C /* RequestsTableViewController.swift in Sources */ = {isa = PBXBuildFile; fileRef = 763262F91FDC557D0029B80C /* RequestsTableViewController.swift */; };
		7651056B1FE03A520049356C /* YPB.swift in Sources */ = {isa = PBXBuildFile; fileRef = 7651056A1FE03A520049356C /* YPB.swift */; };
		7651056D1FE03A620049356C /* YPB BACKUP 12-12-17.swift in Sources */ = {isa = PBXBuildFile; fileRef = 7651056C1FE03A620049356C /* YPB BACKUP 12-12-17.swift */; };
		76591F951FDCC16C0096FF0B /* BackgroundWorker.swift in Sources */ = {isa = PBXBuildFile; fileRef = 76591F941FDCC16C0096FF0B /* BackgroundWorker.swift */; };
		7696E2E71FCA3A6800D22FE0 /* song list.tsv in Resources */ = {isa = PBXBuildFile; fileRef = 7696E2E61FCA3A6800D22FE0 /* song list.tsv */; };
		76B07FB11E7ED9ED008F0F45 /* AppDelegate.swift in Sources */ = {isa = PBXBuildFile; fileRef = 76B07FB01E7ED9ED008F0F45 /* AppDelegate.swift */; };
		76B07FB81E7ED9ED008F0F45 /* Assets.xcassets in Resources */ = {isa = PBXBuildFile; fileRef = 76B07FB71E7ED9ED008F0F45 /* Assets.xcassets */; };
		76B07FBB1E7ED9ED008F0F45 /* LaunchScreen.storyboard in Resources */ = {isa = PBXBuildFile; fileRef = 76B07FB91E7ED9ED008F0F45 /* LaunchScreen.storyboard */; };
		76B07FC61E7ED9ED008F0F45 /* YourPianoBarPianistTests.swift in Sources */ = {isa = PBXBuildFile; fileRef = 76B07FC51E7ED9ED008F0F45 /* YourPianoBarPianistTests.swift */; };
		76CD8E831FEF771500081206 /* RequestDetailTableViewController.swift in Sources */ = {isa = PBXBuildFile; fileRef = 76CD8E821FEF771500081206 /* RequestDetailTableViewController.swift */; };
		76CD8E891FF064F200081206 /* SongImporter.swift in Sources */ = {isa = PBXBuildFile; fileRef = 76CD8E881FF064F200081206 /* SongImporter.swift */; };
		76CD8E8B1FF06CEE00081206 /* Event.swift in Sources */ = {isa = PBXBuildFile; fileRef = 76CD8E8A1FF06CEE00081206 /* Event.swift */; };
		76CD8E8E1FF06D4B00081206 /* RandomRequestCreator.swift in Sources */ = {isa = PBXBuildFile; fileRef = 76CD8E8D1FF06D4B00081206 /* RandomRequestCreator.swift */; };
		76D675391FE6FAA2006782C8 /* RTVC reformed.swift in Sources */ = {isa = PBXBuildFile; fileRef = 76D675381FE6FAA2006782C8 /* RTVC reformed.swift */; };
		76D6753B1FE74B4A006782C8 /* Pianist.swift in Sources */ = {isa = PBXBuildFile; fileRef = 76D6753A1FE74B4A006782C8 /* Pianist.swift */; };
		76D8EF9F1FC86F2C00F11FAD /* Song.swift in Sources */ = {isa = PBXBuildFile; fileRef = 76D8EF901FC86F2200F11FAD /* Song.swift */; };
		76D8EFA01FC86F2C00F11FAD /* Artist.swift in Sources */ = {isa = PBXBuildFile; fileRef = 76D8EF911FC86F2300F11FAD /* Artist.swift */; };
		76D8EFA11FC86F2C00F11FAD /* String Extensions.swift in Sources */ = {isa = PBXBuildFile; fileRef = 76D8EF921FC86F2300F11FAD /* String Extensions.swift */; };
		76D8EFA21FC86F2C00F11FAD /* Requests - Realm Classes.swift in Sources */ = {isa = PBXBuildFile; fileRef = 76D8EF931FC86F2500F11FAD /* Requests - Realm Classes.swift */; };
		76D8EFA31FC86F2C00F11FAD /* Genre.swift in Sources */ = {isa = PBXBuildFile; fileRef = 76D8EF941FC86F2500F11FAD /* Genre.swift */; };
		76D8EFA41FC86F2C00F11FAD /* BrowserObject.swift in Sources */ = {isa = PBXBuildFile; fileRef = 76D8EF951FC86F2700F11FAD /* BrowserObject.swift */; };
		76D8EFA51FC86F2C00F11FAD /* BrowserCategory.swift in Sources */ = {isa = PBXBuildFile; fileRef = 76D8EF961FC86F2700F11FAD /* BrowserCategory.swift */; };
		76D8EFA61FC86F2C00F11FAD /* Decade.swift in Sources */ = {isa = PBXBuildFile; fileRef = 76D8EF971FC86F2800F11FAD /* Decade.swift */; };
		76D8EFA81FC86F2C00F11FAD /* SortedName.swift in Sources */ = {isa = PBXBuildFile; fileRef = 76D8EF991FC86F2900F11FAD /* SortedName.swift */; };
		76D8EFAA1FC86F2C00F11FAD /* Utility Functions.swift in Sources */ = {isa = PBXBuildFile; fileRef = 76D8EF9B1FC86F2A00F11FAD /* Utility Functions.swift */; };
		76D8EFAB1FC86F2C00F11FAD /* YpbUser.swift in Sources */ = {isa = PBXBuildFile; fileRef = 76D8EF9C1FC86F2B00F11FAD /* YpbUser.swift */; };
		76DE8A261EF06F4200B0208C /* Main.storyboard in Resources */ = {isa = PBXBuildFile; fileRef = 76DE8A251EF06F4200B0208C /* Main.storyboard */; };
		76DE8A291EF06F5400B0208C /* RequestCell.swift in Sources */ = {isa = PBXBuildFile; fileRef = 76DE8A271EF06F5400B0208C /* RequestCell.swift */; };
		76DE8A2A1EF06F5400B0208C /* RequestsTableViewController2.swift in Sources */ = {isa = PBXBuildFile; fileRef = 76DE8A281EF06F5400B0208C /* RequestsTableViewController2.swift */; };
/* End PBXBuildFile section */

/* Begin PBXContainerItemProxy section */
		76B07FC21E7ED9ED008F0F45 /* PBXContainerItemProxy */ = {
			isa = PBXContainerItemProxy;
			containerPortal = 76B07FA51E7ED9ED008F0F45 /* Project object */;
			proxyType = 1;
			remoteGlobalIDString = 76B07FAC1E7ED9ED008F0F45;
			remoteInfo = YourPianoBarPianist;
		};
/* End PBXContainerItemProxy section */

/* Begin PBXCopyFilesBuildPhase section */
		76B07FD61E7EDA68008F0F45 /* Embed Frameworks */ = {
			isa = PBXCopyFilesBuildPhase;
			buildActionMask = 2147483647;
			dstPath = "";
			dstSubfolderSpec = 10;
			files = (
			);
			name = "Embed Frameworks";
			runOnlyForDeploymentPostprocessing = 0;
		};
/* End PBXCopyFilesBuildPhase section */

/* Begin PBXFileReference section */
		3C971FB50195821134E4F8A8 /* Pods_YourPianoBarPianist.framework */ = {isa = PBXFileReference; explicitFileType = wrapper.framework; includeInIndex = 0; path = Pods_YourPianoBarPianist.framework; sourceTree = BUILT_PRODUCTS_DIR; };
		3D8493AEDC0723287F817968 /* Pods-YourPianoBarPianistTests.release.xcconfig */ = {isa = PBXFileReference; includeInIndex = 1; lastKnownFileType = text.xcconfig; name = "Pods-YourPianoBarPianistTests.release.xcconfig"; path = "Pods/Target Support Files/Pods-YourPianoBarPianistTests/Pods-YourPianoBarPianistTests.release.xcconfig"; sourceTree = "<group>"; };
		4784F4C0DE41C62B5E163C1E /* Pods_YourPianoBarPianistTests.framework */ = {isa = PBXFileReference; explicitFileType = wrapper.framework; includeInIndex = 0; path = Pods_YourPianoBarPianistTests.framework; sourceTree = BUILT_PRODUCTS_DIR; };
		52B6B1871FE0BBF000DAAE0A /* BackgroundWorker copy 2.swift */ = {isa = PBXFileReference; lastKnownFileType = sourcecode.swift; path = "BackgroundWorker copy 2.swift"; sourceTree = "<group>"; };
		52B6B1891FE0BBFE00DAAE0A /* RequestsTableViewController copy 2.swift */ = {isa = PBXFileReference; lastKnownFileType = sourcecode.swift; path = "RequestsTableViewController copy 2.swift"; sourceTree = "<group>"; };
		52EF55C91FDE011E00AEB2A1 /* BackgroundWorker copy.swift */ = {isa = PBXFileReference; lastKnownFileType = sourcecode.swift; path = "BackgroundWorker copy.swift"; sourceTree = "<group>"; };
		52EF55CB1FDE012400AEB2A1 /* RequestsTableViewController copy.swift */ = {isa = PBXFileReference; lastKnownFileType = sourcecode.swift; path = "RequestsTableViewController copy.swift"; sourceTree = "<group>"; };
		5DA5280AFB2582BB2C8562DE /* Pods-YourPianoBarPianist.release.xcconfig */ = {isa = PBXFileReference; includeInIndex = 1; lastKnownFileType = text.xcconfig; name = "Pods-YourPianoBarPianist.release.xcconfig"; path = "Pods/Target Support Files/Pods-YourPianoBarPianist/Pods-YourPianoBarPianist.release.xcconfig"; sourceTree = "<group>"; };
		7615654C1E89DD6400F3A0E8 /* your-piano-bar-blank piano only tab bar item size.png */ = {isa = PBXFileReference; lastKnownFileType = image.png; path = "your-piano-bar-blank piano only tab bar item size.png"; sourceTree = "<group>"; };
		763262F91FDC557D0029B80C /* RequestsTableViewController.swift */ = {isa = PBXFileReference; lastKnownFileType = sourcecode.swift; path = RequestsTableViewController.swift; sourceTree = "<group>"; };
		7651056A1FE03A520049356C /* YPB.swift */ = {isa = PBXFileReference; lastKnownFileType = sourcecode.swift; name = YPB.swift; path = "../../Your Song/Your Song/YPB.swift"; sourceTree = "<group>"; };
		7651056C1FE03A620049356C /* YPB BACKUP 12-12-17.swift */ = {isa = PBXFileReference; lastKnownFileType = sourcecode.swift; path = "YPB BACKUP 12-12-17.swift"; sourceTree = "<group>"; };
		76591F941FDCC16C0096FF0B /* BackgroundWorker.swift */ = {isa = PBXFileReference; lastKnownFileType = sourcecode.swift; path = BackgroundWorker.swift; sourceTree = "<group>"; };
		7673D26B1FCB24A100E45A95 /* Globals, Extensions, Etc.swift */ = {isa = PBXFileReference; lastKnownFileType = sourcecode.swift; name = "Globals, Extensions, Etc.swift"; path = "../../Your Song/Your Song/Globals, Extensions, Etc.swift"; sourceTree = "<group>"; };
		7696E2E61FCA3A6800D22FE0 /* song list.tsv */ = {isa = PBXFileReference; fileEncoding = 4; lastKnownFileType = text; path = "song list.tsv"; sourceTree = "<group>"; };
		76B07FAD1E7ED9ED008F0F45 /* YourPianoBarPianist.app */ = {isa = PBXFileReference; explicitFileType = wrapper.application; includeInIndex = 0; path = YourPianoBarPianist.app; sourceTree = BUILT_PRODUCTS_DIR; };
		76B07FB01E7ED9ED008F0F45 /* AppDelegate.swift */ = {isa = PBXFileReference; lastKnownFileType = sourcecode.swift; path = AppDelegate.swift; sourceTree = "<group>"; };
		76B07FB71E7ED9ED008F0F45 /* Assets.xcassets */ = {isa = PBXFileReference; lastKnownFileType = folder.assetcatalog; path = Assets.xcassets; sourceTree = "<group>"; };
		76B07FBA1E7ED9ED008F0F45 /* Base */ = {isa = PBXFileReference; lastKnownFileType = file.storyboard; name = Base; path = Base.lproj/LaunchScreen.storyboard; sourceTree = "<group>"; };
		76B07FBC1E7ED9ED008F0F45 /* Info.plist */ = {isa = PBXFileReference; lastKnownFileType = text.plist.xml; path = Info.plist; sourceTree = "<group>"; };
		76B07FC11E7ED9ED008F0F45 /* YourPianoBarPianistTests.xctest */ = {isa = PBXFileReference; explicitFileType = wrapper.cfbundle; includeInIndex = 0; path = YourPianoBarPianistTests.xctest; sourceTree = BUILT_PRODUCTS_DIR; };
		76B07FC51E7ED9ED008F0F45 /* YourPianoBarPianistTests.swift */ = {isa = PBXFileReference; lastKnownFileType = sourcecode.swift; path = YourPianoBarPianistTests.swift; sourceTree = "<group>"; };
		76B07FC71E7ED9ED008F0F45 /* Info.plist */ = {isa = PBXFileReference; lastKnownFileType = text.plist.xml; path = Info.plist; sourceTree = "<group>"; };
		76CD8E821FEF771500081206 /* RequestDetailTableViewController.swift */ = {isa = PBXFileReference; lastKnownFileType = sourcecode.swift; path = RequestDetailTableViewController.swift; sourceTree = "<group>"; };
		76CD8E881FF064F200081206 /* SongImporter.swift */ = {isa = PBXFileReference; lastKnownFileType = sourcecode.swift; name = SongImporter.swift; path = "../../Your Song/Your Song/SongImporter.swift"; sourceTree = "<group>"; };
		76CD8E8A1FF06CEE00081206 /* Event.swift */ = {isa = PBXFileReference; lastKnownFileType = sourcecode.swift; path = Event.swift; sourceTree = "<group>"; };
		76CD8E8D1FF06D4B00081206 /* RandomRequestCreator.swift */ = {isa = PBXFileReference; lastKnownFileType = sourcecode.swift; path = RandomRequestCreator.swift; sourceTree = "<group>"; };
		76D675381FE6FAA2006782C8 /* RTVC reformed.swift */ = {isa = PBXFileReference; lastKnownFileType = sourcecode.swift; path = "RTVC reformed.swift"; sourceTree = "<group>"; };
		76D6753A1FE74B4A006782C8 /* Pianist.swift */ = {isa = PBXFileReference; lastKnownFileType = sourcecode.swift; path = Pianist.swift; sourceTree = "<group>"; };
		76D8EF901FC86F2200F11FAD /* Song.swift */ = {isa = PBXFileReference; fileEncoding = 4; lastKnownFileType = sourcecode.swift; path = Song.swift; sourceTree = "<group>"; };
		76D8EF911FC86F2300F11FAD /* Artist.swift */ = {isa = PBXFileReference; fileEncoding = 4; lastKnownFileType = sourcecode.swift; path = Artist.swift; sourceTree = "<group>"; };
		76D8EF921FC86F2300F11FAD /* String Extensions.swift */ = {isa = PBXFileReference; fileEncoding = 4; lastKnownFileType = sourcecode.swift; path = "String Extensions.swift"; sourceTree = "<group>"; };
		76D8EF931FC86F2500F11FAD /* Requests - Realm Classes.swift */ = {isa = PBXFileReference; fileEncoding = 4; lastKnownFileType = sourcecode.swift; path = "Requests - Realm Classes.swift"; sourceTree = "<group>"; };
		76D8EF941FC86F2500F11FAD /* Genre.swift */ = {isa = PBXFileReference; fileEncoding = 4; lastKnownFileType = sourcecode.swift; path = Genre.swift; sourceTree = "<group>"; };
		76D8EF951FC86F2700F11FAD /* BrowserObject.swift */ = {isa = PBXFileReference; fileEncoding = 4; lastKnownFileType = sourcecode.swift; path = BrowserObject.swift; sourceTree = "<group>"; };
		76D8EF961FC86F2700F11FAD /* BrowserCategory.swift */ = {isa = PBXFileReference; fileEncoding = 4; lastKnownFileType = sourcecode.swift; path = BrowserCategory.swift; sourceTree = "<group>"; };
		76D8EF971FC86F2800F11FAD /* Decade.swift */ = {isa = PBXFileReference; fileEncoding = 4; lastKnownFileType = sourcecode.swift; path = Decade.swift; sourceTree = "<group>"; };
		76D8EF991FC86F2900F11FAD /* SortedName.swift */ = {isa = PBXFileReference; fileEncoding = 4; lastKnownFileType = sourcecode.swift; path = SortedName.swift; sourceTree = "<group>"; };
		76D8EF9B1FC86F2A00F11FAD /* Utility Functions.swift */ = {isa = PBXFileReference; fileEncoding = 4; lastKnownFileType = sourcecode.swift; path = "Utility Functions.swift"; sourceTree = "<group>"; };
		76D8EF9C1FC86F2B00F11FAD /* YpbUser.swift */ = {isa = PBXFileReference; fileEncoding = 4; lastKnownFileType = sourcecode.swift; path = YpbUser.swift; sourceTree = "<group>"; };
		76DE8A251EF06F4200B0208C /* Main.storyboard */ = {isa = PBXFileReference; fileEncoding = 4; lastKnownFileType = file.storyboard; path = Main.storyboard; sourceTree = "<group>"; };
		76DE8A271EF06F5400B0208C /* RequestCell.swift */ = {isa = PBXFileReference; fileEncoding = 4; lastKnownFileType = sourcecode.swift; path = RequestCell.swift; sourceTree = "<group>"; };
		76DE8A281EF06F5400B0208C /* RequestsTableViewController2.swift */ = {isa = PBXFileReference; fileEncoding = 4; lastKnownFileType = sourcecode.swift; path = RequestsTableViewController2.swift; sourceTree = "<group>"; };
		E68570E6D5F758162443604C /* Pods-YourPianoBarPianistTests.debug.xcconfig */ = {isa = PBXFileReference; includeInIndex = 1; lastKnownFileType = text.xcconfig; name = "Pods-YourPianoBarPianistTests.debug.xcconfig"; path = "Pods/Target Support Files/Pods-YourPianoBarPianistTests/Pods-YourPianoBarPianistTests.debug.xcconfig"; sourceTree = "<group>"; };
		FA91F8A7DB23842A41A1921F /* Pods-YourPianoBarPianist.debug.xcconfig */ = {isa = PBXFileReference; includeInIndex = 1; lastKnownFileType = text.xcconfig; name = "Pods-YourPianoBarPianist.debug.xcconfig"; path = "Pods/Target Support Files/Pods-YourPianoBarPianist/Pods-YourPianoBarPianist.debug.xcconfig"; sourceTree = "<group>"; };
/* End PBXFileReference section */

/* Begin PBXFrameworksBuildPhase section */
		76B07FAA1E7ED9ED008F0F45 /* Frameworks */ = {
			isa = PBXFrameworksBuildPhase;
			buildActionMask = 2147483647;
			files = (
				36B0F917D4B7F9837C218902 /* Pods_YourPianoBarPianist.framework in Frameworks */,
			);
			runOnlyForDeploymentPostprocessing = 0;
		};
		76B07FBE1E7ED9ED008F0F45 /* Frameworks */ = {
			isa = PBXFrameworksBuildPhase;
			buildActionMask = 2147483647;
			files = (
				0FAD74AD0AAF4E68C81B4ACE /* Pods_YourPianoBarPianistTests.framework in Frameworks */,
			);
			runOnlyForDeploymentPostprocessing = 0;
		};
/* End PBXFrameworksBuildPhase section */

/* Begin PBXGroup section */
		465D9CDA8E8C88FF10937086 /* Pods */ = {
			isa = PBXGroup;
			children = (
				FA91F8A7DB23842A41A1921F /* Pods-YourPianoBarPianist.debug.xcconfig */,
				5DA5280AFB2582BB2C8562DE /* Pods-YourPianoBarPianist.release.xcconfig */,
				E68570E6D5F758162443604C /* Pods-YourPianoBarPianistTests.debug.xcconfig */,
				3D8493AEDC0723287F817968 /* Pods-YourPianoBarPianistTests.release.xcconfig */,
			);
			name = Pods;
			sourceTree = "<group>";
		};
		52EF55C81FDE011500AEB2A1 /* Backups */ = {
			isa = PBXGroup;
			children = (
				76DE8A281EF06F5400B0208C /* RequestsTableViewController2.swift */,
				763262F91FDC557D0029B80C /* RequestsTableViewController.swift */,
				52B6B1871FE0BBF000DAAE0A /* BackgroundWorker copy 2.swift */,
				7651056C1FE03A620049356C /* YPB BACKUP 12-12-17.swift */,
				52EF55CB1FDE012400AEB2A1 /* RequestsTableViewController copy.swift */,
				52B6B1891FE0BBFE00DAAE0A /* RequestsTableViewController copy 2.swift */,
				52EF55C91FDE011E00AEB2A1 /* BackgroundWorker copy.swift */,
			);
			name = Backups;
			sourceTree = "<group>";
		};
		7673D2691FCB24A000E45A95 /* Utility */ = {
			isa = PBXGroup;
			children = (
				7696E2E61FCA3A6800D22FE0 /* song list.tsv */,
				7673D26B1FCB24A100E45A95 /* Globals, Extensions, Etc.swift */,
				76D8EF921FC86F2300F11FAD /* String Extensions.swift */,
				76D8EF9B1FC86F2A00F11FAD /* Utility Functions.swift */,
				76CD8E881FF064F200081206 /* SongImporter.swift */,
			);
			name = Utility;
			sourceTree = "<group>";
		};
		7696E2E41FCA394300D22FE0 /* Realm Object Classes */ = {
			isa = PBXGroup;
			children = (
				76D8EF931FC86F2500F11FAD /* Requests - Realm Classes.swift */,
				76CD8E8D1FF06D4B00081206 /* RandomRequestCreator.swift */,
				76CD8E8A1FF06CEE00081206 /* Event.swift */,
				76CD8E8C1FF06D0E00081206 /* Song List Classes */,
				76D8EF9C1FC86F2B00F11FAD /* YpbUser.swift */,
			);
			name = "Realm Object Classes";
			sourceTree = "<group>";
		};
		7696E2E51FCA39A600D22FE0 /* Superclasses and Extensions */ = {
			isa = PBXGroup;
			children = (
				76D8EF961FC86F2700F11FAD /* BrowserCategory.swift */,
				76D8EF951FC86F2700F11FAD /* BrowserObject.swift */,
				76D8EF991FC86F2900F11FAD /* SortedName.swift */,
			);
			name = "Superclasses and Extensions";
			sourceTree = "<group>";
		};
		76B07FA41E7ED9ED008F0F45 = {
			isa = PBXGroup;
			children = (
				76B07FAF1E7ED9ED008F0F45 /* YourPianoBarPianist */,
				76B07FD71E7EDA75008F0F45 /* Supporting Files */,
				76B07FC41E7ED9ED008F0F45 /* YourPianoBarPianistTests */,
				76B07FAE1E7ED9ED008F0F45 /* Products */,
				465D9CDA8E8C88FF10937086 /* Pods */,
				DCB44A2E9CB0A1C137699EC1 /* Frameworks */,
			);
			sourceTree = "<group>";
		};
		76B07FAE1E7ED9ED008F0F45 /* Products */ = {
			isa = PBXGroup;
			children = (
				76B07FAD1E7ED9ED008F0F45 /* YourPianoBarPianist.app */,
				76B07FC11E7ED9ED008F0F45 /* YourPianoBarPianistTests.xctest */,
			);
			name = Products;
			sourceTree = "<group>";
		};
		76B07FAF1E7ED9ED008F0F45 /* YourPianoBarPianist */ = {
			isa = PBXGroup;
			children = (
				76B07FB01E7ED9ED008F0F45 /* AppDelegate.swift */,
				7651056A1FE03A520049356C /* YPB.swift */,
				76D6753A1FE74B4A006782C8 /* Pianist.swift */,
				76DE8A251EF06F4200B0208C /* Main.storyboard */,
				76D675381FE6FAA2006782C8 /* RTVC reformed.swift */,
				76CD8E821FEF771500081206 /* RequestDetailTableViewController.swift */,
				76DE8A271EF06F5400B0208C /* RequestCell.swift */,
				76591F941FDCC16C0096FF0B /* BackgroundWorker.swift */,
				52EF55C81FDE011500AEB2A1 /* Backups */,
				7696E2E41FCA394300D22FE0 /* Realm Object Classes */,
				7673D2691FCB24A000E45A95 /* Utility */,
			);
			path = YourPianoBarPianist;
			sourceTree = "<group>";
		};
		76B07FC41E7ED9ED008F0F45 /* YourPianoBarPianistTests */ = {
			isa = PBXGroup;
			children = (
				76B07FC51E7ED9ED008F0F45 /* YourPianoBarPianistTests.swift */,
				76B07FC71E7ED9ED008F0F45 /* Info.plist */,
			);
			path = YourPianoBarPianistTests;
			sourceTree = "<group>";
		};
		76B07FD71E7EDA75008F0F45 /* Supporting Files */ = {
			isa = PBXGroup;
			children = (
				7615654C1E89DD6400F3A0E8 /* your-piano-bar-blank piano only tab bar item size.png */,
				76B07FB71E7ED9ED008F0F45 /* Assets.xcassets */,
				76B07FB91E7ED9ED008F0F45 /* LaunchScreen.storyboard */,
				76B07FBC1E7ED9ED008F0F45 /* Info.plist */,
			);
			name = "Supporting Files";
			path = YourPianoBarPianist;
			sourceTree = "<group>";
		};
		76CD8E8C1FF06D0E00081206 /* Song List Classes */ = {
			isa = PBXGroup;
			children = (
				7696E2E51FCA39A600D22FE0 /* Superclasses and Extensions */,
				76D8EF911FC86F2300F11FAD /* Artist.swift */,
				76D8EF971FC86F2800F11FAD /* Decade.swift */,
				76D8EF941FC86F2500F11FAD /* Genre.swift */,
				76D8EF901FC86F2200F11FAD /* Song.swift */,
			);
			name = "Song List Classes";
			sourceTree = "<group>";
		};
		DCB44A2E9CB0A1C137699EC1 /* Frameworks */ = {
			isa = PBXGroup;
			children = (
				3C971FB50195821134E4F8A8 /* Pods_YourPianoBarPianist.framework */,
				4784F4C0DE41C62B5E163C1E /* Pods_YourPianoBarPianistTests.framework */,
			);
			name = Frameworks;
			sourceTree = "<group>";
		};
/* End PBXGroup section */

/* Begin PBXNativeTarget section */
		76B07FAC1E7ED9ED008F0F45 /* YourPianoBarPianist */ = {
			isa = PBXNativeTarget;
			buildConfigurationList = 76B07FCA1E7ED9ED008F0F45 /* Build configuration list for PBXNativeTarget "YourPianoBarPianist" */;
			buildPhases = (
				6C70E3BCDE3562DAB367CA25 /* [CP] Check Pods Manifest.lock */,
				76B07FA91E7ED9ED008F0F45 /* Sources */,
				76B07FAA1E7ED9ED008F0F45 /* Frameworks */,
				76B07FAB1E7ED9ED008F0F45 /* Resources */,
				76B07FD61E7EDA68008F0F45 /* Embed Frameworks */,
				6D224105EC8C21D81DA51405 /* [CP] Embed Pods Frameworks */,
				36728EB0CE22AC1329BD8BEF /* [CP] Copy Pods Resources */,
			);
			buildRules = (
			);
			dependencies = (
			);
			name = YourPianoBarPianist;
			productName = YourPianoBarPianist;
			productReference = 76B07FAD1E7ED9ED008F0F45 /* YourPianoBarPianist.app */;
			productType = "com.apple.product-type.application";
		};
		76B07FC01E7ED9ED008F0F45 /* YourPianoBarPianistTests */ = {
			isa = PBXNativeTarget;
			buildConfigurationList = 76B07FCD1E7ED9ED008F0F45 /* Build configuration list for PBXNativeTarget "YourPianoBarPianistTests" */;
			buildPhases = (
				C54A45E47B2496118E27613E /* [CP] Check Pods Manifest.lock */,
				76B07FBD1E7ED9ED008F0F45 /* Sources */,
				76B07FBE1E7ED9ED008F0F45 /* Frameworks */,
				76B07FBF1E7ED9ED008F0F45 /* Resources */,
				6A05045F6D7B9C73BFC70AE9 /* [CP] Embed Pods Frameworks */,
				57933A1F66C2F023AEFDBE48 /* [CP] Copy Pods Resources */,
			);
			buildRules = (
			);
			dependencies = (
				76B07FC31E7ED9ED008F0F45 /* PBXTargetDependency */,
			);
			name = YourPianoBarPianistTests;
			productName = YourPianoBarPianistTests;
			productReference = 76B07FC11E7ED9ED008F0F45 /* YourPianoBarPianistTests.xctest */;
			productType = "com.apple.product-type.bundle.unit-test";
		};
/* End PBXNativeTarget section */

/* Begin PBXProject section */
		76B07FA51E7ED9ED008F0F45 /* Project object */ = {
			isa = PBXProject;
			attributes = {
				LastSwiftUpdateCheck = 0820;
				LastUpgradeCheck = 0910;
				ORGANIZATIONNAME = "Jonathan Tuzman";
				TargetAttributes = {
					76B07FAC1E7ED9ED008F0F45 = {
						CreatedOnToolsVersion = 8.2.1;
						DevelopmentTeam = MS76ZC84AE;
						LastSwiftMigration = 0920;
						ProvisioningStyle = Automatic;
					};
					76B07FC01E7ED9ED008F0F45 = {
						CreatedOnToolsVersion = 8.2.1;
						DevelopmentTeam = MS76ZC84AE;
						LastSwiftMigration = 0920;
						ProvisioningStyle = Automatic;
						TestTargetID = 76B07FAC1E7ED9ED008F0F45;
					};
				};
			};
			buildConfigurationList = 76B07FA81E7ED9ED008F0F45 /* Build configuration list for PBXProject "YourPianoBarPianist" */;
			compatibilityVersion = "Xcode 3.2";
			developmentRegion = English;
			hasScannedForEncodings = 0;
			knownRegions = (
				en,
				Base,
			);
			mainGroup = 76B07FA41E7ED9ED008F0F45;
			productRefGroup = 76B07FAE1E7ED9ED008F0F45 /* Products */;
			projectDirPath = "";
			projectRoot = "";
			targets = (
				76B07FAC1E7ED9ED008F0F45 /* YourPianoBarPianist */,
				76B07FC01E7ED9ED008F0F45 /* YourPianoBarPianistTests */,
			);
		};
/* End PBXProject section */

/* Begin PBXResourcesBuildPhase section */
		76B07FAB1E7ED9ED008F0F45 /* Resources */ = {
			isa = PBXResourcesBuildPhase;
			buildActionMask = 2147483647;
			files = (
				76DE8A261EF06F4200B0208C /* Main.storyboard in Resources */,
				76B07FBB1E7ED9ED008F0F45 /* LaunchScreen.storyboard in Resources */,
				7696E2E71FCA3A6800D22FE0 /* song list.tsv in Resources */,
				7615654E1E89DD6400F3A0E8 /* your-piano-bar-blank piano only tab bar item size.png in Resources */,
				76B07FB81E7ED9ED008F0F45 /* Assets.xcassets in Resources */,
			);
			runOnlyForDeploymentPostprocessing = 0;
		};
		76B07FBF1E7ED9ED008F0F45 /* Resources */ = {
			isa = PBXResourcesBuildPhase;
			buildActionMask = 2147483647;
			files = (
			);
			runOnlyForDeploymentPostprocessing = 0;
		};
/* End PBXResourcesBuildPhase section */

/* Begin PBXShellScriptBuildPhase section */
		36728EB0CE22AC1329BD8BEF /* [CP] Copy Pods Resources */ = {
			isa = PBXShellScriptBuildPhase;
			buildActionMask = 2147483647;
			files = (
			);
			inputPaths = (
			);
			name = "[CP] Copy Pods Resources";
			outputPaths = (
			);
			runOnlyForDeploymentPostprocessing = 0;
			shellPath = /bin/sh;
			shellScript = "\"${SRCROOT}/Pods/Target Support Files/Pods-YourPianoBarPianist/Pods-YourPianoBarPianist-resources.sh\"\n";
			showEnvVarsInLog = 0;
		};
		57933A1F66C2F023AEFDBE48 /* [CP] Copy Pods Resources */ = {
			isa = PBXShellScriptBuildPhase;
			buildActionMask = 2147483647;
			files = (
			);
			inputPaths = (
			);
			name = "[CP] Copy Pods Resources";
			outputPaths = (
			);
			runOnlyForDeploymentPostprocessing = 0;
			shellPath = /bin/sh;
			shellScript = "\"${SRCROOT}/Pods/Target Support Files/Pods-YourPianoBarPianistTests/Pods-YourPianoBarPianistTests-resources.sh\"\n";
			showEnvVarsInLog = 0;
		};
		6A05045F6D7B9C73BFC70AE9 /* [CP] Embed Pods Frameworks */ = {
			isa = PBXShellScriptBuildPhase;
			buildActionMask = 2147483647;
			files = (
			);
			inputPaths = (
				"${SRCROOT}/Pods/Target Support Files/Pods-YourPianoBarPianistTests/Pods-YourPianoBarPianistTests-frameworks.sh",
				"${BUILT_PRODUCTS_DIR}/Realm/Realm.framework",
				"${BUILT_PRODUCTS_DIR}/RealmSearchViewController/RealmSearchViewController.framework",
				"${BUILT_PRODUCTS_DIR}/RealmSwift/RealmSwift.framework",
				"${BUILT_PRODUCTS_DIR}/KIF/KIF.framework",
				"${BUILT_PRODUCTS_DIR}/Nimble/Nimble.framework",
			);
			name = "[CP] Embed Pods Frameworks";
			outputPaths = (
				"${TARGET_BUILD_DIR}/${FRAMEWORKS_FOLDER_PATH}/Realm.framework",
				"${TARGET_BUILD_DIR}/${FRAMEWORKS_FOLDER_PATH}/RealmSearchViewController.framework",
				"${TARGET_BUILD_DIR}/${FRAMEWORKS_FOLDER_PATH}/RealmSwift.framework",
				"${TARGET_BUILD_DIR}/${FRAMEWORKS_FOLDER_PATH}/KIF.framework",
				"${TARGET_BUILD_DIR}/${FRAMEWORKS_FOLDER_PATH}/Nimble.framework",
			);
			runOnlyForDeploymentPostprocessing = 0;
			shellPath = /bin/sh;
			shellScript = "\"${SRCROOT}/Pods/Target Support Files/Pods-YourPianoBarPianistTests/Pods-YourPianoBarPianistTests-frameworks.sh\"\n";
			showEnvVarsInLog = 0;
		};
		6C70E3BCDE3562DAB367CA25 /* [CP] Check Pods Manifest.lock */ = {
			isa = PBXShellScriptBuildPhase;
			buildActionMask = 2147483647;
			files = (
			);
			inputPaths = (
				"${PODS_PODFILE_DIR_PATH}/Podfile.lock",
				"${PODS_ROOT}/Manifest.lock",
			);
			name = "[CP] Check Pods Manifest.lock";
			outputPaths = (
				"$(DERIVED_FILE_DIR)/Pods-YourPianoBarPianist-checkManifestLockResult.txt",
			);
			runOnlyForDeploymentPostprocessing = 0;
			shellPath = /bin/sh;
			shellScript = "diff \"${PODS_PODFILE_DIR_PATH}/Podfile.lock\" \"${PODS_ROOT}/Manifest.lock\" > /dev/null\nif [ $? != 0 ] ; then\n    # print error to STDERR\n    echo \"error: The sandbox is not in sync with the Podfile.lock. Run 'pod install' or update your CocoaPods installation.\" >&2\n    exit 1\nfi\n# This output is used by Xcode 'outputs' to avoid re-running this script phase.\necho \"SUCCESS\" > \"${SCRIPT_OUTPUT_FILE_0}\"\n";
			showEnvVarsInLog = 0;
		};
		6D224105EC8C21D81DA51405 /* [CP] Embed Pods Frameworks */ = {
			isa = PBXShellScriptBuildPhase;
			buildActionMask = 2147483647;
			files = (
			);
			inputPaths = (
				"${SRCROOT}/Pods/Target Support Files/Pods-YourPianoBarPianist/Pods-YourPianoBarPianist-frameworks.sh",
				"${BUILT_PRODUCTS_DIR}/Realm/Realm.framework",
				"${BUILT_PRODUCTS_DIR}/RealmSearchViewController/RealmSearchViewController.framework",
				"${BUILT_PRODUCTS_DIR}/RealmSwift/RealmSwift.framework",
			);
			name = "[CP] Embed Pods Frameworks";
			outputPaths = (
				"${TARGET_BUILD_DIR}/${FRAMEWORKS_FOLDER_PATH}/Realm.framework",
				"${TARGET_BUILD_DIR}/${FRAMEWORKS_FOLDER_PATH}/RealmSearchViewController.framework",
				"${TARGET_BUILD_DIR}/${FRAMEWORKS_FOLDER_PATH}/RealmSwift.framework",
			);
			runOnlyForDeploymentPostprocessing = 0;
			shellPath = /bin/sh;
			shellScript = "\"${SRCROOT}/Pods/Target Support Files/Pods-YourPianoBarPianist/Pods-YourPianoBarPianist-frameworks.sh\"\n";
			showEnvVarsInLog = 0;
		};
		C54A45E47B2496118E27613E /* [CP] Check Pods Manifest.lock */ = {
			isa = PBXShellScriptBuildPhase;
			buildActionMask = 2147483647;
			files = (
			);
			inputPaths = (
				"${PODS_PODFILE_DIR_PATH}/Podfile.lock",
				"${PODS_ROOT}/Manifest.lock",
			);
			name = "[CP] Check Pods Manifest.lock";
			outputPaths = (
				"$(DERIVED_FILE_DIR)/Pods-YourPianoBarPianistTests-checkManifestLockResult.txt",
			);
			runOnlyForDeploymentPostprocessing = 0;
			shellPath = /bin/sh;
			shellScript = "diff \"${PODS_PODFILE_DIR_PATH}/Podfile.lock\" \"${PODS_ROOT}/Manifest.lock\" > /dev/null\nif [ $? != 0 ] ; then\n    # print error to STDERR\n    echo \"error: The sandbox is not in sync with the Podfile.lock. Run 'pod install' or update your CocoaPods installation.\" >&2\n    exit 1\nfi\n# This output is used by Xcode 'outputs' to avoid re-running this script phase.\necho \"SUCCESS\" > \"${SCRIPT_OUTPUT_FILE_0}\"\n";
			showEnvVarsInLog = 0;
		};
/* End PBXShellScriptBuildPhase section */

/* Begin PBXSourcesBuildPhase section */
		76B07FA91E7ED9ED008F0F45 /* Sources */ = {
			isa = PBXSourcesBuildPhase;
			buildActionMask = 2147483647;
			files = (
				76D6753B1FE74B4A006782C8 /* Pianist.swift in Sources */,
				76D8EFA21FC86F2C00F11FAD /* Requests - Realm Classes.swift in Sources */,
				76D8EF9F1FC86F2C00F11FAD /* Song.swift in Sources */,
				76D675391FE6FAA2006782C8 /* RTVC reformed.swift in Sources */,
				52EF55CC1FDE012400AEB2A1 /* RequestsTableViewController copy.swift in Sources */,
				76D8EFAB1FC86F2C00F11FAD /* YpbUser.swift in Sources */,
				76D8EFA11FC86F2C00F11FAD /* String Extensions.swift in Sources */,
				76CD8E8E1FF06D4B00081206 /* RandomRequestCreator.swift in Sources */,
				52B6B18A1FE0BBFF00DAAE0A /* RequestsTableViewController copy 2.swift in Sources */,
				76591F951FDCC16C0096FF0B /* BackgroundWorker.swift in Sources */,
				76D8EFA41FC86F2C00F11FAD /* BrowserObject.swift in Sources */,
				76CD8E8B1FF06CEE00081206 /* Event.swift in Sources */,
				7651056D1FE03A620049356C /* YPB BACKUP 12-12-17.swift in Sources */,
				7651056B1FE03A520049356C /* YPB.swift in Sources */,
				76D8EFA81FC86F2C00F11FAD /* SortedName.swift in Sources */,
				52B6B1881FE0BBF000DAAE0A /* BackgroundWorker copy 2.swift in Sources */,
				76DE8A291EF06F5400B0208C /* RequestCell.swift in Sources */,
				76DE8A2A1EF06F5400B0208C /* RequestsTableViewController2.swift in Sources */,
				76B07FB11E7ED9ED008F0F45 /* AppDelegate.swift in Sources */,
				76D8EFA61FC86F2C00F11FAD /* Decade.swift in Sources */,
				76D8EFA01FC86F2C00F11FAD /* Artist.swift in Sources */,
				76D8EFA51FC86F2C00F11FAD /* BrowserCategory.swift in Sources */,
				76D8EFA31FC86F2C00F11FAD /* Genre.swift in Sources */,
				52EF55CA1FDE011E00AEB2A1 /* BackgroundWorker copy.swift in Sources */,
				76D8EFAA1FC86F2C00F11FAD /* Utility Functions.swift in Sources */,
				76CD8E831FEF771500081206 /* RequestDetailTableViewController.swift in Sources */,
				76CD8E891FF064F200081206 /* SongImporter.swift in Sources */,
				763262FA1FDC557D0029B80C /* RequestsTableViewController.swift in Sources */,
			);
			runOnlyForDeploymentPostprocessing = 0;
		};
		76B07FBD1E7ED9ED008F0F45 /* Sources */ = {
			isa = PBXSourcesBuildPhase;
			buildActionMask = 2147483647;
			files = (
				76B07FC61E7ED9ED008F0F45 /* YourPianoBarPianistTests.swift in Sources */,
			);
			runOnlyForDeploymentPostprocessing = 0;
		};
/* End PBXSourcesBuildPhase section */

/* Begin PBXTargetDependency section */
		76B07FC31E7ED9ED008F0F45 /* PBXTargetDependency */ = {
			isa = PBXTargetDependency;
			target = 76B07FAC1E7ED9ED008F0F45 /* YourPianoBarPianist */;
			targetProxy = 76B07FC21E7ED9ED008F0F45 /* PBXContainerItemProxy */;
		};
/* End PBXTargetDependency section */

/* Begin PBXVariantGroup section */
		76B07FB91E7ED9ED008F0F45 /* LaunchScreen.storyboard */ = {
			isa = PBXVariantGroup;
			children = (
				76B07FBA1E7ED9ED008F0F45 /* Base */,
			);
			name = LaunchScreen.storyboard;
			sourceTree = "<group>";
		};
/* End PBXVariantGroup section */

/* Begin XCBuildConfiguration section */
		76B07FC81E7ED9ED008F0F45 /* Debug */ = {
			isa = XCBuildConfiguration;
			buildSettings = {
				ALWAYS_SEARCH_USER_PATHS = NO;
				CLANG_ANALYZER_NONNULL = YES;
				CLANG_CXX_LANGUAGE_STANDARD = "gnu++0x";
				CLANG_CXX_LIBRARY = "libc++";
				CLANG_ENABLE_MODULES = YES;
				CLANG_ENABLE_OBJC_ARC = YES;
				CLANG_WARN_BLOCK_CAPTURE_AUTORELEASING = YES;
				CLANG_WARN_BOOL_CONVERSION = YES;
				CLANG_WARN_COMMA = YES;
				CLANG_WARN_CONSTANT_CONVERSION = YES;
				CLANG_WARN_DIRECT_OBJC_ISA_USAGE = YES_ERROR;
				CLANG_WARN_DOCUMENTATION_COMMENTS = YES;
				CLANG_WARN_EMPTY_BODY = YES;
				CLANG_WARN_ENUM_CONVERSION = YES;
				CLANG_WARN_INFINITE_RECURSION = YES;
				CLANG_WARN_INT_CONVERSION = YES;
				CLANG_WARN_NON_LITERAL_NULL_CONVERSION = YES;
				CLANG_WARN_OBJC_LITERAL_CONVERSION = YES;
				CLANG_WARN_OBJC_ROOT_CLASS = YES_ERROR;
				CLANG_WARN_RANGE_LOOP_ANALYSIS = YES;
				CLANG_WARN_STRICT_PROTOTYPES = YES;
				CLANG_WARN_SUSPICIOUS_MOVE = YES;
				CLANG_WARN_UNREACHABLE_CODE = YES;
				CLANG_WARN__DUPLICATE_METHOD_MATCH = YES;
				"CODE_SIGN_IDENTITY[sdk=iphoneos*]" = "iPhone Developer";
				COPY_PHASE_STRIP = NO;
				DEBUG_INFORMATION_FORMAT = dwarf;
				ENABLE_STRICT_OBJC_MSGSEND = YES;
				ENABLE_TESTABILITY = YES;
				GCC_C_LANGUAGE_STANDARD = gnu99;
				GCC_DYNAMIC_NO_PIC = NO;
				GCC_NO_COMMON_BLOCKS = YES;
				GCC_OPTIMIZATION_LEVEL = 0;
				GCC_PREPROCESSOR_DEFINITIONS = (
					"DEBUG=1",
					"$(inherited)",
				);
				GCC_WARN_64_TO_32_BIT_CONVERSION = YES;
				GCC_WARN_ABOUT_RETURN_TYPE = YES_ERROR;
				GCC_WARN_UNDECLARED_SELECTOR = YES;
				GCC_WARN_UNINITIALIZED_AUTOS = YES_AGGRESSIVE;
				GCC_WARN_UNUSED_FUNCTION = YES;
				GCC_WARN_UNUSED_VARIABLE = YES;
				IPHONEOS_DEPLOYMENT_TARGET = 10.2;
				MTL_ENABLE_DEBUG_INFO = YES;
				ONLY_ACTIVE_ARCH = YES;
				SDKROOT = iphoneos;
				SWIFT_ACTIVE_COMPILATION_CONDITIONS = DEBUG;
				SWIFT_OPTIMIZATION_LEVEL = "-Onone";
			};
			name = Debug;
		};
		76B07FC91E7ED9ED008F0F45 /* Release */ = {
			isa = XCBuildConfiguration;
			buildSettings = {
				ALWAYS_SEARCH_USER_PATHS = NO;
				CLANG_ANALYZER_NONNULL = YES;
				CLANG_CXX_LANGUAGE_STANDARD = "gnu++0x";
				CLANG_CXX_LIBRARY = "libc++";
				CLANG_ENABLE_MODULES = YES;
				CLANG_ENABLE_OBJC_ARC = YES;
				CLANG_WARN_BLOCK_CAPTURE_AUTORELEASING = YES;
				CLANG_WARN_BOOL_CONVERSION = YES;
				CLANG_WARN_COMMA = YES;
				CLANG_WARN_CONSTANT_CONVERSION = YES;
				CLANG_WARN_DIRECT_OBJC_ISA_USAGE = YES_ERROR;
				CLANG_WARN_DOCUMENTATION_COMMENTS = YES;
				CLANG_WARN_EMPTY_BODY = YES;
				CLANG_WARN_ENUM_CONVERSION = YES;
				CLANG_WARN_INFINITE_RECURSION = YES;
				CLANG_WARN_INT_CONVERSION = YES;
				CLANG_WARN_NON_LITERAL_NULL_CONVERSION = YES;
				CLANG_WARN_OBJC_LITERAL_CONVERSION = YES;
				CLANG_WARN_OBJC_ROOT_CLASS = YES_ERROR;
				CLANG_WARN_RANGE_LOOP_ANALYSIS = YES;
				CLANG_WARN_STRICT_PROTOTYPES = YES;
				CLANG_WARN_SUSPICIOUS_MOVE = YES;
				CLANG_WARN_UNREACHABLE_CODE = YES;
				CLANG_WARN__DUPLICATE_METHOD_MATCH = YES;
				"CODE_SIGN_IDENTITY[sdk=iphoneos*]" = "iPhone Developer";
				COPY_PHASE_STRIP = NO;
				DEBUG_INFORMATION_FORMAT = "dwarf-with-dsym";
				ENABLE_NS_ASSERTIONS = NO;
				ENABLE_STRICT_OBJC_MSGSEND = YES;
				GCC_C_LANGUAGE_STANDARD = gnu99;
				GCC_NO_COMMON_BLOCKS = YES;
				GCC_WARN_64_TO_32_BIT_CONVERSION = YES;
				GCC_WARN_ABOUT_RETURN_TYPE = YES_ERROR;
				GCC_WARN_UNDECLARED_SELECTOR = YES;
				GCC_WARN_UNINITIALIZED_AUTOS = YES_AGGRESSIVE;
				GCC_WARN_UNUSED_FUNCTION = YES;
				GCC_WARN_UNUSED_VARIABLE = YES;
				IPHONEOS_DEPLOYMENT_TARGET = 10.2;
				MTL_ENABLE_DEBUG_INFO = NO;
				SDKROOT = iphoneos;
				SWIFT_OPTIMIZATION_LEVEL = "-Owholemodule";
				VALIDATE_PRODUCT = YES;
			};
			name = Release;
		};
		76B07FCB1E7ED9ED008F0F45 /* Debug */ = {
			isa = XCBuildConfiguration;
			baseConfigurationReference = FA91F8A7DB23842A41A1921F /* Pods-YourPianoBarPianist.debug.xcconfig */;
			buildSettings = {
				ASSETCATALOG_COMPILER_APPICON_NAME = AppIcon;
				DEVELOPMENT_TEAM = MS76ZC84AE;
				FRAMEWORK_SEARCH_PATHS = (
					"$(inherited)",
					"$(PROJECT_DIR)",
				);
				INFOPLIST_FILE = YourPianoBarPianist/Info.plist;
				LD_RUNPATH_SEARCH_PATHS = "$(inherited) @executable_path/Frameworks";
				PRODUCT_BUNDLE_IDENTIFIER = TuzMusic.YourPianoBarPianist;
				PRODUCT_NAME = "$(TARGET_NAME)";
				SWIFT_VERSION = 4.0;
				TARGETED_DEVICE_FAMILY = 2;
			};
			name = Debug;
		};
		76B07FCC1E7ED9ED008F0F45 /* Release */ = {
			isa = XCBuildConfiguration;
			baseConfigurationReference = 5DA5280AFB2582BB2C8562DE /* Pods-YourPianoBarPianist.release.xcconfig */;
			buildSettings = {
				ASSETCATALOG_COMPILER_APPICON_NAME = AppIcon;
				DEVELOPMENT_TEAM = MS76ZC84AE;
				FRAMEWORK_SEARCH_PATHS = (
					"$(inherited)",
					"$(PROJECT_DIR)",
				);
				INFOPLIST_FILE = YourPianoBarPianist/Info.plist;
				LD_RUNPATH_SEARCH_PATHS = "$(inherited) @executable_path/Frameworks";
				PRODUCT_BUNDLE_IDENTIFIER = TuzMusic.YourPianoBarPianist;
				PRODUCT_NAME = "$(TARGET_NAME)";
				SWIFT_VERSION = 4.0;
				TARGETED_DEVICE_FAMILY = 2;
			};
			name = Release;
		};
		76B07FCE1E7ED9ED008F0F45 /* Debug */ = {
			isa = XCBuildConfiguration;
			baseConfigurationReference = E68570E6D5F758162443604C /* Pods-YourPianoBarPianistTests.debug.xcconfig */;
			buildSettings = {
				ALWAYS_EMBED_SWIFT_STANDARD_LIBRARIES = YES;
				BUNDLE_LOADER = "$(TEST_HOST)";
				DEVELOPMENT_TEAM = MS76ZC84AE;
				INFOPLIST_FILE = YourPianoBarPianistTests/Info.plist;
				LD_RUNPATH_SEARCH_PATHS = "$(inherited) @executable_path/Frameworks @loader_path/Frameworks";
				PRODUCT_BUNDLE_IDENTIFIER = TuzMusic.YourPianoBarPianistTests;
				PRODUCT_NAME = "$(TARGET_NAME)";
				SWIFT_VERSION = 4.0;
				TEST_HOST = "$(BUILT_PRODUCTS_DIR)/YourPianoBarPianist.app/YourPianoBarPianist";
			};
			name = Debug;
		};
		76B07FCF1E7ED9ED008F0F45 /* Release */ = {
			isa = XCBuildConfiguration;
			baseConfigurationReference = 3D8493AEDC0723287F817968 /* Pods-YourPianoBarPianistTests.release.xcconfig */;
			buildSettings = {
				ALWAYS_EMBED_SWIFT_STANDARD_LIBRARIES = YES;
				BUNDLE_LOADER = "$(TEST_HOST)";
				DEVELOPMENT_TEAM = MS76ZC84AE;
				INFOPLIST_FILE = YourPianoBarPianistTests/Info.plist;
				LD_RUNPATH_SEARCH_PATHS = "$(inherited) @executable_path/Frameworks @loader_path/Frameworks";
				PRODUCT_BUNDLE_IDENTIFIER = TuzMusic.YourPianoBarPianistTests;
				PRODUCT_NAME = "$(TARGET_NAME)";
				SWIFT_VERSION = 4.0;
				TEST_HOST = "$(BUILT_PRODUCTS_DIR)/YourPianoBarPianist.app/YourPianoBarPianist";
			};
			name = Release;
		};
/* End XCBuildConfiguration section */

/* Begin XCConfigurationList section */
		76B07FA81E7ED9ED008F0F45 /* Build configuration list for PBXProject "YourPianoBarPianist" */ = {
			isa = XCConfigurationList;
			buildConfigurations = (
				76B07FC81E7ED9ED008F0F45 /* Debug */,
				76B07FC91E7ED9ED008F0F45 /* Release */,
			);
			defaultConfigurationIsVisible = 0;
			defaultConfigurationName = Release;
		};
		76B07FCA1E7ED9ED008F0F45 /* Build configuration list for PBXNativeTarget "YourPianoBarPianist" */ = {
			isa = XCConfigurationList;
			buildConfigurations = (
				76B07FCB1E7ED9ED008F0F45 /* Debug */,
				76B07FCC1E7ED9ED008F0F45 /* Release */,
			);
			defaultConfigurationIsVisible = 0;
			defaultConfigurationName = Release;
		};
		76B07FCD1E7ED9ED008F0F45 /* Build configuration list for PBXNativeTarget "YourPianoBarPianistTests" */ = {
			isa = XCConfigurationList;
			buildConfigurations = (
				76B07FCE1E7ED9ED008F0F45 /* Debug */,
				76B07FCF1E7ED9ED008F0F45 /* Release */,
			);
			defaultConfigurationIsVisible = 0;
			defaultConfigurationName = Release;
		};
/* End XCConfigurationList section */
	};
	rootObject = 76B07FA51E7ED9ED008F0F45 /* Project object */;
}
