// !$*UTF8*$!
{
	archiveVersion = 1;
	classes = {
	};
	objectVersion = 46;
	objects = {

/* Begin PBXBuildFile section */
		7615654B1E89DD4400F3A0E8 /* SongImporter.swift in Sources */ = {isa = PBXBuildFile; fileRef = 7615654A1E89DD4400F3A0E8 /* SongImporter.swift */; };
		7615654E1E89DD6400F3A0E8 /* your-piano-bar-blank piano only tab bar item size.png in Resources */ = {isa = PBXBuildFile; fileRef = 7615654C1E89DD6400F3A0E8 /* your-piano-bar-blank piano only tab bar item size.png */; };
		7615654F1E89DD6400F3A0E8 /* song list 1.tsv in Resources */ = {isa = PBXBuildFile; fileRef = 7615654D1E89DD6400F3A0E8 /* song list 1.tsv */; };
		761565551E89DDCC00F3A0E8 /* Song.swift in Sources */ = {isa = PBXBuildFile; fileRef = 761565521E89DDCC00F3A0E8 /* Song.swift */; };
		761565561E89DDCC00F3A0E8 /* Genre.swift in Sources */ = {isa = PBXBuildFile; fileRef = 761565531E89DDCC00F3A0E8 /* Genre.swift */; };
		761565571E89DDCC00F3A0E8 /* Artist.swift in Sources */ = {isa = PBXBuildFile; fileRef = 761565541E89DDCC00F3A0E8 /* Artist.swift */; };
		761927E91E8EBC3700F03E23 /* Realm.framework in Frameworks */ = {isa = PBXBuildFile; fileRef = 761927E71E8EBC3700F03E23 /* Realm.framework */; };
		761927EA1E8EBC3700F03E23 /* Realm.framework in Embed Frameworks */ = {isa = PBXBuildFile; fileRef = 761927E71E8EBC3700F03E23 /* Realm.framework */; settings = {ATTRIBUTES = (CodeSignOnCopy, RemoveHeadersOnCopy, ); }; };
		761927EB1E8EBC3700F03E23 /* RealmSwift.framework in Frameworks */ = {isa = PBXBuildFile; fileRef = 761927E81E8EBC3700F03E23 /* RealmSwift.framework */; };
		761927EC1E8EBC3700F03E23 /* RealmSwift.framework in Embed Frameworks */ = {isa = PBXBuildFile; fileRef = 761927E81E8EBC3700F03E23 /* RealmSwift.framework */; settings = {ATTRIBUTES = (CodeSignOnCopy, RemoveHeadersOnCopy, ); }; };
		76ACB9AD1E98DCF900923D6F /* ImportSongsTableViewController.swift in Sources */ = {isa = PBXBuildFile; fileRef = 76ACB9AC1E98DCF900923D6F /* ImportSongsTableViewController.swift */; };
		76B07FB11E7ED9ED008F0F45 /* AppDelegate.swift in Sources */ = {isa = PBXBuildFile; fileRef = 76B07FB01E7ED9ED008F0F45 /* AppDelegate.swift */; };
		76B07FB61E7ED9ED008F0F45 /* Main.storyboard in Resources */ = {isa = PBXBuildFile; fileRef = 76B07FB41E7ED9ED008F0F45 /* Main.storyboard */; };
		76B07FB81E7ED9ED008F0F45 /* Assets.xcassets in Resources */ = {isa = PBXBuildFile; fileRef = 76B07FB71E7ED9ED008F0F45 /* Assets.xcassets */; };
		76B07FBB1E7ED9ED008F0F45 /* LaunchScreen.storyboard in Resources */ = {isa = PBXBuildFile; fileRef = 76B07FB91E7ED9ED008F0F45 /* LaunchScreen.storyboard */; };
		76B07FC61E7ED9ED008F0F45 /* YourPianoBarPianistTests.swift in Sources */ = {isa = PBXBuildFile; fileRef = 76B07FC51E7ED9ED008F0F45 /* YourPianoBarPianistTests.swift */; };
		76B07FD91E7EDA8C008F0F45 /* Globals, Extensions, Etc.swift in Sources */ = {isa = PBXBuildFile; fileRef = 76B07FD81E7EDA8C008F0F45 /* Globals, Extensions, Etc.swift */; };
		76B07FDB1E7EDA93008F0F45 /* Requests - Realm Classes.swift in Sources */ = {isa = PBXBuildFile; fileRef = 76B07FDA1E7EDA93008F0F45 /* Requests - Realm Classes.swift */; };
		76B07FDD1E7EDB20008F0F45 /* AllRequestsTableViewController.swift in Sources */ = {isa = PBXBuildFile; fileRef = 76B07FDC1E7EDB20008F0F45 /* AllRequestsTableViewController.swift */; };
		76F638221E9E8CA5001BBFB1 /* song list 2.tsv in Resources */ = {isa = PBXBuildFile; fileRef = 76F638211E9E8CA5001BBFB1 /* song list 2.tsv */; };
/* End PBXBuildFile section */

/* Begin PBXContainerItemProxy section */
		76B07FC21E7ED9ED008F0F45 /* PBXContainerItemProxy */ = {
			isa = PBXContainerItemProxy;
			containerPortal = 76B07FA51E7ED9ED008F0F45 /* Project object */;
			proxyType = 1;
			remoteGlobalIDString = 76B07FAC1E7ED9ED008F0F45;
			remoteInfo = YourPianoBarPianist;
		};
/* End PBXContainerItemProxy section */

/* Begin PBXCopyFilesBuildPhase section */
		76B07FD61E7EDA68008F0F45 /* Embed Frameworks */ = {
			isa = PBXCopyFilesBuildPhase;
			buildActionMask = 2147483647;
			dstPath = "";
			dstSubfolderSpec = 10;
			files = (
				761927EC1E8EBC3700F03E23 /* RealmSwift.framework in Embed Frameworks */,
				761927EA1E8EBC3700F03E23 /* Realm.framework in Embed Frameworks */,
			);
			name = "Embed Frameworks";
			runOnlyForDeploymentPostprocessing = 0;
		};
/* End PBXCopyFilesBuildPhase section */

/* Begin PBXFileReference section */
		7615654A1E89DD4400F3A0E8 /* SongImporter.swift */ = {isa = PBXFileReference; fileEncoding = 4; lastKnownFileType = sourcecode.swift; path = SongImporter.swift; sourceTree = "<group>"; };
		7615654C1E89DD6400F3A0E8 /* your-piano-bar-blank piano only tab bar item size.png */ = {isa = PBXFileReference; lastKnownFileType = image.png; path = "your-piano-bar-blank piano only tab bar item size.png"; sourceTree = "<group>"; };
		7615654D1E89DD6400F3A0E8 /* song list 1.tsv */ = {isa = PBXFileReference; fileEncoding = 4; lastKnownFileType = text; path = "song list 1.tsv"; sourceTree = "<group>"; };
		761565521E89DDCC00F3A0E8 /* Song.swift */ = {isa = PBXFileReference; fileEncoding = 4; lastKnownFileType = sourcecode.swift; path = Song.swift; sourceTree = "<group>"; };
		761565531E89DDCC00F3A0E8 /* Genre.swift */ = {isa = PBXFileReference; fileEncoding = 4; lastKnownFileType = sourcecode.swift; path = Genre.swift; sourceTree = "<group>"; };
		761565541E89DDCC00F3A0E8 /* Artist.swift */ = {isa = PBXFileReference; fileEncoding = 4; lastKnownFileType = sourcecode.swift; path = Artist.swift; sourceTree = "<group>"; };
		761927E71E8EBC3700F03E23 /* Realm.framework */ = {isa = PBXFileReference; lastKnownFileType = wrapper.framework; path = Realm.framework; sourceTree = "<group>"; };
		761927E81E8EBC3700F03E23 /* RealmSwift.framework */ = {isa = PBXFileReference; lastKnownFileType = wrapper.framework; path = RealmSwift.framework; sourceTree = "<group>"; };
		76ACB9AC1E98DCF900923D6F /* ImportSongsTableViewController.swift */ = {isa = PBXFileReference; fileEncoding = 4; lastKnownFileType = sourcecode.swift; path = ImportSongsTableViewController.swift; sourceTree = "<group>"; };
		76B07FAD1E7ED9ED008F0F45 /* YourPianoBarPianist.app */ = {isa = PBXFileReference; explicitFileType = wrapper.application; includeInIndex = 0; path = YourPianoBarPianist.app; sourceTree = BUILT_PRODUCTS_DIR; };
		76B07FB01E7ED9ED008F0F45 /* AppDelegate.swift */ = {isa = PBXFileReference; lastKnownFileType = sourcecode.swift; path = AppDelegate.swift; sourceTree = "<group>"; };
		76B07FB51E7ED9ED008F0F45 /* Base */ = {isa = PBXFileReference; lastKnownFileType = file.storyboard; name = Base; path = Base.lproj/Main.storyboard; sourceTree = "<group>"; };
		76B07FB71E7ED9ED008F0F45 /* Assets.xcassets */ = {isa = PBXFileReference; lastKnownFileType = folder.assetcatalog; path = Assets.xcassets; sourceTree = "<group>"; };
		76B07FBA1E7ED9ED008F0F45 /* Base */ = {isa = PBXFileReference; lastKnownFileType = file.storyboard; name = Base; path = Base.lproj/LaunchScreen.storyboard; sourceTree = "<group>"; };
		76B07FBC1E7ED9ED008F0F45 /* Info.plist */ = {isa = PBXFileReference; lastKnownFileType = text.plist.xml; path = Info.plist; sourceTree = "<group>"; };
		76B07FC11E7ED9ED008F0F45 /* YourPianoBarPianistTests.xctest */ = {isa = PBXFileReference; explicitFileType = wrapper.cfbundle; includeInIndex = 0; path = YourPianoBarPianistTests.xctest; sourceTree = BUILT_PRODUCTS_DIR; };
		76B07FC51E7ED9ED008F0F45 /* YourPianoBarPianistTests.swift */ = {isa = PBXFileReference; lastKnownFileType = sourcecode.swift; path = YourPianoBarPianistTests.swift; sourceTree = "<group>"; };
		76B07FC71E7ED9ED008F0F45 /* Info.plist */ = {isa = PBXFileReference; lastKnownFileType = text.plist.xml; path = Info.plist; sourceTree = "<group>"; };
		76B07FD81E7EDA8C008F0F45 /* Globals, Extensions, Etc.swift */ = {isa = PBXFileReference; fileEncoding = 4; lastKnownFileType = sourcecode.swift; path = "Globals, Extensions, Etc.swift"; sourceTree = "<group>"; };
		76B07FDA1E7EDA93008F0F45 /* Requests - Realm Classes.swift */ = {isa = PBXFileReference; fileEncoding = 4; lastKnownFileType = sourcecode.swift; path = "Requests - Realm Classes.swift"; sourceTree = "<group>"; };
		76B07FDC1E7EDB20008F0F45 /* AllRequestsTableViewController.swift */ = {isa = PBXFileReference; fileEncoding = 4; lastKnownFileType = sourcecode.swift; name = AllRequestsTableViewController.swift; path = ../AllRequestsTableViewController.swift; sourceTree = "<group>"; };
		76F638211E9E8CA5001BBFB1 /* song list 2.tsv */ = {isa = PBXFileReference; fileEncoding = 4; lastKnownFileType = text; path = "song list 2.tsv"; sourceTree = "<group>"; };
/* End PBXFileReference section */

/* Begin PBXFrameworksBuildPhase section */
		76B07FAA1E7ED9ED008F0F45 /* Frameworks */ = {
			isa = PBXFrameworksBuildPhase;
			buildActionMask = 2147483647;
			files = (
				761927EB1E8EBC3700F03E23 /* RealmSwift.framework in Frameworks */,
				761927E91E8EBC3700F03E23 /* Realm.framework in Frameworks */,
			);
			runOnlyForDeploymentPostprocessing = 0;
		};
		76B07FBE1E7ED9ED008F0F45 /* Frameworks */ = {
			isa = PBXFrameworksBuildPhase;
			buildActionMask = 2147483647;
			files = (
			);
			runOnlyForDeploymentPostprocessing = 0;
		};
/* End PBXFrameworksBuildPhase section */

/* Begin PBXGroup section */
		761565501E89DD8700F3A0E8 /* Song Library */ = {
			isa = PBXGroup;
			children = (
				7615654A1E89DD4400F3A0E8 /* SongImporter.swift */,
				76ACB9AC1E98DCF900923D6F /* ImportSongsTableViewController.swift */,
				761565511E89DD9700F3A0E8 /* Realm Classes */,
			);
			name = "Song Library";
			sourceTree = "<group>";
		};
		761565511E89DD9700F3A0E8 /* Realm Classes */ = {
			isa = PBXGroup;
			children = (
				761565521E89DDCC00F3A0E8 /* Song.swift */,
				761565531E89DDCC00F3A0E8 /* Genre.swift */,
				761565541E89DDCC00F3A0E8 /* Artist.swift */,
			);
			name = "Realm Classes";
			sourceTree = "<group>";
		};
		76B07FA41E7ED9ED008F0F45 = {
			isa = PBXGroup;
			children = (
				76B07FAF1E7ED9ED008F0F45 /* YourPianoBarPianist */,
				76B07FD71E7EDA75008F0F45 /* Supporting Files */,
				76B07FC41E7ED9ED008F0F45 /* YourPianoBarPianistTests */,
				76B07FAE1E7ED9ED008F0F45 /* Products */,
				761927E71E8EBC3700F03E23 /* Realm.framework */,
				761927E81E8EBC3700F03E23 /* RealmSwift.framework */,
			);
			sourceTree = "<group>";
		};
		76B07FAE1E7ED9ED008F0F45 /* Products */ = {
			isa = PBXGroup;
			children = (
				76B07FAD1E7ED9ED008F0F45 /* YourPianoBarPianist.app */,
				76B07FC11E7ED9ED008F0F45 /* YourPianoBarPianistTests.xctest */,
			);
			name = Products;
			sourceTree = "<group>";
		};
		76B07FAF1E7ED9ED008F0F45 /* YourPianoBarPianist */ = {
			isa = PBXGroup;
			children = (
				76B07FDC1E7EDB20008F0F45 /* AllRequestsTableViewController.swift */,
				76B07FB41E7ED9ED008F0F45 /* Main.storyboard */,
				76B07FD81E7EDA8C008F0F45 /* Globals, Extensions, Etc.swift */,
				76B07FDA1E7EDA93008F0F45 /* Requests - Realm Classes.swift */,
				761565501E89DD8700F3A0E8 /* Song Library */,
			);
			path = YourPianoBarPianist;
			sourceTree = "<group>";
		};
		76B07FC41E7ED9ED008F0F45 /* YourPianoBarPianistTests */ = {
			isa = PBXGroup;
			children = (
				76B07FC51E7ED9ED008F0F45 /* YourPianoBarPianistTests.swift */,
				76B07FC71E7ED9ED008F0F45 /* Info.plist */,
			);
			path = YourPianoBarPianistTests;
			sourceTree = "<group>";
		};
		76B07FD71E7EDA75008F0F45 /* Supporting Files */ = {
			isa = PBXGroup;
			children = (
				7615654C1E89DD6400F3A0E8 /* your-piano-bar-blank piano only tab bar item size.png */,
				7615654D1E89DD6400F3A0E8 /* song list 1.tsv */,
				76F638211E9E8CA5001BBFB1 /* song list 2.tsv */,
				76B07FB01E7ED9ED008F0F45 /* AppDelegate.swift */,
				76B07FB71E7ED9ED008F0F45 /* Assets.xcassets */,
				76B07FB91E7ED9ED008F0F45 /* LaunchScreen.storyboard */,
				76B07FBC1E7ED9ED008F0F45 /* Info.plist */,
			);
			name = "Supporting Files";
			path = YourPianoBarPianist;
			sourceTree = "<group>";
		};
/* End PBXGroup section */

/* Begin PBXNativeTarget section */
		76B07FAC1E7ED9ED008F0F45 /* YourPianoBarPianist */ = {
			isa = PBXNativeTarget;
			buildConfigurationList = 76B07FCA1E7ED9ED008F0F45 /* Build configuration list for PBXNativeTarget "YourPianoBarPianist" */;
			buildPhases = (
				76B07FA91E7ED9ED008F0F45 /* Sources */,
				76B07FAA1E7ED9ED008F0F45 /* Frameworks */,
				76B07FAB1E7ED9ED008F0F45 /* Resources */,
				76B07FD61E7EDA68008F0F45 /* Embed Frameworks */,
			);
			buildRules = (
			);
			dependencies = (
			);
			name = YourPianoBarPianist;
			productName = YourPianoBarPianist;
			productReference = 76B07FAD1E7ED9ED008F0F45 /* YourPianoBarPianist.app */;
			productType = "com.apple.product-type.application";
		};
		76B07FC01E7ED9ED008F0F45 /* YourPianoBarPianistTests */ = {
			isa = PBXNativeTarget;
			buildConfigurationList = 76B07FCD1E7ED9ED008F0F45 /* Build configuration list for PBXNativeTarget "YourPianoBarPianistTests" */;
			buildPhases = (
				76B07FBD1E7ED9ED008F0F45 /* Sources */,
				76B07FBE1E7ED9ED008F0F45 /* Frameworks */,
				76B07FBF1E7ED9ED008F0F45 /* Resources */,
			);
			buildRules = (
			);
			dependencies = (
				76B07FC31E7ED9ED008F0F45 /* PBXTargetDependency */,
			);
			name = YourPianoBarPianistTests;
			productName = YourPianoBarPianistTests;
			productReference = 76B07FC11E7ED9ED008F0F45 /* YourPianoBarPianistTests.xctest */;
			productType = "com.apple.product-type.bundle.unit-test";
		};
/* End PBXNativeTarget section */

/* Begin PBXProject section */
		76B07FA51E7ED9ED008F0F45 /* Project object */ = {
			isa = PBXProject;
			attributes = {
				LastSwiftUpdateCheck = 0820;
				LastUpgradeCheck = 0820;
				ORGANIZATIONNAME = "Jonathan Tuzman";
				TargetAttributes = {
					76B07FAC1E7ED9ED008F0F45 = {
						CreatedOnToolsVersion = 8.2.1;
						DevelopmentTeam = MS76ZC84AE;
						LastSwiftMigration = 0830;
						ProvisioningStyle = Automatic;
					};
					76B07FC01E7ED9ED008F0F45 = {
						CreatedOnToolsVersion = 8.2.1;
						DevelopmentTeam = MS76ZC84AE;
						LastSwiftMigration = 0830;
						ProvisioningStyle = Automatic;
						TestTargetID = 76B07FAC1E7ED9ED008F0F45;
					};
				};
			};
			buildConfigurationList = 76B07FA81E7ED9ED008F0F45 /* Build configuration list for PBXProject "YourPianoBarPianist" */;
			compatibilityVersion = "Xcode 3.2";
			developmentRegion = English;
			hasScannedForEncodings = 0;
			knownRegions = (
				en,
				Base,
			);
			mainGroup = 76B07FA41E7ED9ED008F0F45;
			productRefGroup = 76B07FAE1E7ED9ED008F0F45 /* Products */;
			projectDirPath = "";
			projectRoot = "";
			targets = (
				76B07FAC1E7ED9ED008F0F45 /* YourPianoBarPianist */,
				76B07FC01E7ED9ED008F0F45 /* YourPianoBarPianistTests */,
			);
		};
/* End PBXProject section */

/* Begin PBXResourcesBuildPhase section */
		76B07FAB1E7ED9ED008F0F45 /* Resources */ = {
			isa = PBXResourcesBuildPhase;
			buildActionMask = 2147483647;
			files = (
				76B07FBB1E7ED9ED008F0F45 /* LaunchScreen.storyboard in Resources */,
				76F638221E9E8CA5001BBFB1 /* song list 2.tsv in Resources */,
				7615654F1E89DD6400F3A0E8 /* song list 1.tsv in Resources */,
				7615654E1E89DD6400F3A0E8 /* your-piano-bar-blank piano only tab bar item size.png in Resources */,
				76B07FB81E7ED9ED008F0F45 /* Assets.xcassets in Resources */,
				76B07FB61E7ED9ED008F0F45 /* Main.storyboard in Resources */,
			);
			runOnlyForDeploymentPostprocessing = 0;
		};
		76B07FBF1E7ED9ED008F0F45 /* Resources */ = {
			isa = PBXResourcesBuildPhase;
			buildActionMask = 2147483647;
			files = (
			);
			runOnlyForDeploymentPostprocessing = 0;
		};
/* End PBXResourcesBuildPhase section */

/* Begin PBXSourcesBuildPhase section */
		76B07FA91E7ED9ED008F0F45 /* Sources */ = {
			isa = PBXSourcesBuildPhase;
			buildActionMask = 2147483647;
			files = (
				761565551E89DDCC00F3A0E8 /* Song.swift in Sources */,
				76B07FD91E7EDA8C008F0F45 /* Globals, Extensions, Etc.swift in Sources */,
				761565571E89DDCC00F3A0E8 /* Artist.swift in Sources */,
				76B07FB11E7ED9ED008F0F45 /* AppDelegate.swift in Sources */,
				76ACB9AD1E98DCF900923D6F /* ImportSongsTableViewController.swift in Sources */,
				76B07FDB1E7EDA93008F0F45 /* Requests - Realm Classes.swift in Sources */,
				7615654B1E89DD4400F3A0E8 /* SongImporter.swift in Sources */,
				76B07FDD1E7EDB20008F0F45 /* AllRequestsTableViewController.swift in Sources */,
				761565561E89DDCC00F3A0E8 /* Genre.swift in Sources */,
			);
			runOnlyForDeploymentPostprocessing = 0;
		};
		76B07FBD1E7ED9ED008F0F45 /* Sources */ = {
			isa = PBXSourcesBuildPhase;
			buildActionMask = 2147483647;
			files = (
				76B07FC61E7ED9ED008F0F45 /* YourPianoBarPianistTests.swift in Sources */,
			);
			runOnlyForDeploymentPostprocessing = 0;
		};
/* End PBXSourcesBuildPhase section */

/* Begin PBXTargetDependency section */
		76B07FC31E7ED9ED008F0F45 /* PBXTargetDependency */ = {
			isa = PBXTargetDependency;
			target = 76B07FAC1E7ED9ED008F0F45 /* YourPianoBarPianist */;
			targetProxy = 76B07FC21E7ED9ED008F0F45 /* PBXContainerItemProxy */;
		};
/* End PBXTargetDependency section */

/* Begin PBXVariantGroup section */
		76B07FB41E7ED9ED008F0F45 /* Main.storyboard */ = {
			isa = PBXVariantGroup;
			children = (
				76B07FB51E7ED9ED008F0F45 /* Base */,
			);
			name = Main.storyboard;
			sourceTree = "<group>";
		};
		76B07FB91E7ED9ED008F0F45 /* LaunchScreen.storyboard */ = {
			isa = PBXVariantGroup;
			children = (
				76B07FBA1E7ED9ED008F0F45 /* Base */,
			);
			name = LaunchScreen.storyboard;
			sourceTree = "<group>";
		};
/* End PBXVariantGroup section */

/* Begin XCBuildConfiguration section */
		76B07FC81E7ED9ED008F0F45 /* Debug */ = {
			isa = XCBuildConfiguration;
			buildSettings = {
				ALWAYS_SEARCH_USER_PATHS = NO;
				CLANG_ANALYZER_NONNULL = YES;
				CLANG_CXX_LANGUAGE_STANDARD = "gnu++0x";
				CLANG_CXX_LIBRARY = "libc++";
				CLANG_ENABLE_MODULES = YES;
				CLANG_ENABLE_OBJC_ARC = YES;
				CLANG_WARN_BOOL_CONVERSION = YES;
				CLANG_WARN_CONSTANT_CONVERSION = YES;
				CLANG_WARN_DIRECT_OBJC_ISA_USAGE = YES_ERROR;
				CLANG_WARN_DOCUMENTATION_COMMENTS = YES;
				CLANG_WARN_EMPTY_BODY = YES;
				CLANG_WARN_ENUM_CONVERSION = YES;
				CLANG_WARN_INFINITE_RECURSION = YES;
				CLANG_WARN_INT_CONVERSION = YES;
				CLANG_WARN_OBJC_ROOT_CLASS = YES_ERROR;
				CLANG_WARN_SUSPICIOUS_MOVE = YES;
				CLANG_WARN_UNREACHABLE_CODE = YES;
				CLANG_WARN__DUPLICATE_METHOD_MATCH = YES;
				"CODE_SIGN_IDENTITY[sdk=iphoneos*]" = "iPhone Developer";
				COPY_PHASE_STRIP = NO;
				DEBUG_INFORMATION_FORMAT = dwarf;
				ENABLE_STRICT_OBJC_MSGSEND = YES;
				ENABLE_TESTABILITY = YES;
				GCC_C_LANGUAGE_STANDARD = gnu99;
				GCC_DYNAMIC_NO_PIC = NO;
				GCC_NO_COMMON_BLOCKS = YES;
				GCC_OPTIMIZATION_LEVEL = 0;
				GCC_PREPROCESSOR_DEFINITIONS = (
					"DEBUG=1",
					"$(inherited)",
				);
				GCC_WARN_64_TO_32_BIT_CONVERSION = YES;
				GCC_WARN_ABOUT_RETURN_TYPE = YES_ERROR;
				GCC_WARN_UNDECLARED_SELECTOR = YES;
				GCC_WARN_UNINITIALIZED_AUTOS = YES_AGGRESSIVE;
				GCC_WARN_UNUSED_FUNCTION = YES;
				GCC_WARN_UNUSED_VARIABLE = YES;
				IPHONEOS_DEPLOYMENT_TARGET = 10.2;
				MTL_ENABLE_DEBUG_INFO = YES;
				ONLY_ACTIVE_ARCH = YES;
				SDKROOT = iphoneos;
				SWIFT_ACTIVE_COMPILATION_CONDITIONS = DEBUG;
				SWIFT_OPTIMIZATION_LEVEL = "-Onone";
			};
			name = Debug;
		};
		76B07FC91E7ED9ED008F0F45 /* Release */ = {
			isa = XCBuildConfiguration;
			buildSettings = {
				ALWAYS_SEARCH_USER_PATHS = NO;
				CLANG_ANALYZER_NONNULL = YES;
				CLANG_CXX_LANGUAGE_STANDARD = "gnu++0x";
				CLANG_CXX_LIBRARY = "libc++";
				CLANG_ENABLE_MODULES = YES;
				CLANG_ENABLE_OBJC_ARC = YES;
				CLANG_WARN_BOOL_CONVERSION = YES;
				CLANG_WARN_CONSTANT_CONVERSION = YES;
				CLANG_WARN_DIRECT_OBJC_ISA_USAGE = YES_ERROR;
				CLANG_WARN_DOCUMENTATION_COMMENTS = YES;
				CLANG_WARN_EMPTY_BODY = YES;
				CLANG_WARN_ENUM_CONVERSION = YES;
				CLANG_WARN_INFINITE_RECURSION = YES;
				CLANG_WARN_INT_CONVERSION = YES;
				CLANG_WARN_OBJC_ROOT_CLASS = YES_ERROR;
				CLANG_WARN_SUSPICIOUS_MOVE = YES;
				CLANG_WARN_UNREACHABLE_CODE = YES;
				CLANG_WARN__DUPLICATE_METHOD_MATCH = YES;
				"CODE_SIGN_IDENTITY[sdk=iphoneos*]" = "iPhone Developer";
				COPY_PHASE_STRIP = NO;
				DEBUG_INFORMATION_FORMAT = "dwarf-with-dsym";
				ENABLE_NS_ASSERTIONS = NO;
				ENABLE_STRICT_OBJC_MSGSEND = YES;
				GCC_C_LANGUAGE_STANDARD = gnu99;
				GCC_NO_COMMON_BLOCKS = YES;
				GCC_WARN_64_TO_32_BIT_CONVERSION = YES;
				GCC_WARN_ABOUT_RETURN_TYPE = YES_ERROR;
				GCC_WARN_UNDECLARED_SELECTOR = YES;
				GCC_WARN_UNINITIALIZED_AUTOS = YES_AGGRESSIVE;
				GCC_WARN_UNUSED_FUNCTION = YES;
				GCC_WARN_UNUSED_VARIABLE = YES;
				IPHONEOS_DEPLOYMENT_TARGET = 10.2;
				MTL_ENABLE_DEBUG_INFO = NO;
				SDKROOT = iphoneos;
				SWIFT_OPTIMIZATION_LEVEL = "-Owholemodule";
				VALIDATE_PRODUCT = YES;
			};
			name = Release;
		};
		76B07FCB1E7ED9ED008F0F45 /* Debug */ = {
			isa = XCBuildConfiguration;
			buildSettings = {
				ASSETCATALOG_COMPILER_APPICON_NAME = AppIcon;
				DEVELOPMENT_TEAM = MS76ZC84AE;
				FRAMEWORK_SEARCH_PATHS = (
					"$(inherited)",
					"$(PROJECT_DIR)",
				);
				INFOPLIST_FILE = YourPianoBarPianist/Info.plist;
				LD_RUNPATH_SEARCH_PATHS = "$(inherited) @executable_path/Frameworks";
				PRODUCT_BUNDLE_IDENTIFIER = TuzMusic.YourPianoBarPianist;
				PRODUCT_NAME = "$(TARGET_NAME)";
				SWIFT_VERSION = 3.0;
				TARGETED_DEVICE_FAMILY = 2;
			};
			name = Debug;
		};
		76B07FCC1E7ED9ED008F0F45 /* Release */ = {
			isa = XCBuildConfiguration;
			buildSettings = {
				ASSETCATALOG_COMPILER_APPICON_NAME = AppIcon;
				DEVELOPMENT_TEAM = MS76ZC84AE;
				FRAMEWORK_SEARCH_PATHS = (
					"$(inherited)",
					"$(PROJECT_DIR)",
				);
				INFOPLIST_FILE = YourPianoBarPianist/Info.plist;
				LD_RUNPATH_SEARCH_PATHS = "$(inherited) @executable_path/Frameworks";
				PRODUCT_BUNDLE_IDENTIFIER = TuzMusic.YourPianoBarPianist;
				PRODUCT_NAME = "$(TARGET_NAME)";
				SWIFT_VERSION = 3.0;
				TARGETED_DEVICE_FAMILY = 2;
			};
			name = Release;
		};
		76B07FCE1E7ED9ED008F0F45 /* Debug */ = {
			isa = XCBuildConfiguration;
			buildSettings = {
				ALWAYS_EMBED_SWIFT_STANDARD_LIBRARIES = YES;
				BUNDLE_LOADER = "$(TEST_HOST)";
				DEVELOPMENT_TEAM = MS76ZC84AE;
				INFOPLIST_FILE = YourPianoBarPianistTests/Info.plist;
				LD_RUNPATH_SEARCH_PATHS = "$(inherited) @executable_path/Frameworks @loader_path/Frameworks";
				PRODUCT_BUNDLE_IDENTIFIER = TuzMusic.YourPianoBarPianistTests;
				PRODUCT_NAME = "$(TARGET_NAME)";
				SWIFT_VERSION = 3.0;
				TEST_HOST = "$(BUILT_PRODUCTS_DIR)/YourPianoBarPianist.app/YourPianoBarPianist";
			};
			name = Debug;
		};
		76B07FCF1E7ED9ED008F0F45 /* Release */ = {
			isa = XCBuildConfiguration;
			buildSettings = {
				ALWAYS_EMBED_SWIFT_STANDARD_LIBRARIES = YES;
				BUNDLE_LOADER = "$(TEST_HOST)";
				DEVELOPMENT_TEAM = MS76ZC84AE;
				INFOPLIST_FILE = YourPianoBarPianistTests/Info.plist;
				LD_RUNPATH_SEARCH_PATHS = "$(inherited) @executable_path/Frameworks @loader_path/Frameworks";
				PRODUCT_BUNDLE_IDENTIFIER = TuzMusic.YourPianoBarPianistTests;
				PRODUCT_NAME = "$(TARGET_NAME)";
				SWIFT_VERSION = 3.0;
				TEST_HOST = "$(BUILT_PRODUCTS_DIR)/YourPianoBarPianist.app/YourPianoBarPianist";
			};
			name = Release;
		};
/* End XCBuildConfiguration section */

/* Begin XCConfigurationList section */
		76B07FA81E7ED9ED008F0F45 /* Build configuration list for PBXProject "YourPianoBarPianist" */ = {
			isa = XCConfigurationList;
			buildConfigurations = (
				76B07FC81E7ED9ED008F0F45 /* Debug */,
				76B07FC91E7ED9ED008F0F45 /* Release */,
			);
			defaultConfigurationIsVisible = 0;
			defaultConfigurationName = Release;
		};
		76B07FCA1E7ED9ED008F0F45 /* Build configuration list for PBXNativeTarget "YourPianoBarPianist" */ = {
			isa = XCConfigurationList;
			buildConfigurations = (
				76B07FCB1E7ED9ED008F0F45 /* Debug */,
				76B07FCC1E7ED9ED008F0F45 /* Release */,
			);
			defaultConfigurationIsVisible = 0;
			defaultConfigurationName = Release;
		};
		76B07FCD1E7ED9ED008F0F45 /* Build configuration list for PBXNativeTarget "YourPianoBarPianistTests" */ = {
			isa = XCConfigurationList;
			buildConfigurations = (
				76B07FCE1E7ED9ED008F0F45 /* Debug */,
				76B07FCF1E7ED9ED008F0F45 /* Release */,
			);
			defaultConfigurationIsVisible = 0;
			defaultConfigurationName = Release;
		};
/* End XCConfigurationList section */
	};
	rootObject = 76B07FA51E7ED9ED008F0F45 /* Project object */;
}
